
Microsoft Visual Studio Solution File, Format Version 11.00
# Visual Studio 2010
# SharpDevelop 4.4
Project("{FAE04EC0-301F-11D3-BF4B-00C04F79EFBC}") = "WedgeKey", "WedgeKey.csproj", "{4F27C6CF-357F-4951-85AA-EFCC5CF712AC}"
EndProject
Global
	GlobalSection(SolutionConfigurationPlatforms) = preSolution
		Debug|Any CPU = Debug|Any CPU
		Release|Any CPU = Release|Any CPU
	EndGlobalSection
	GlobalSection(ProjectConfigurationPlatforms) = postSolution
		{4F27C6CF-357F-4951-85AA-EFCC5CF712AC}.Debug|Any CPU.Build.0 = Debug|Any CPU
		{4F27C6CF-357F-4951-85AA-EFCC5CF712AC}.Debug|Any CPU.ActiveCfg = Debug|Any CPU
		{4F27C6CF-357F-4951-85AA-EFCC5CF712AC}.Release|Any CPU.Build.0 = Release|Any CPU
		{4F27C6CF-357F-4951-85AA-EFCC5CF712AC}.Release|Any CPU.ActiveCfg = Release|Any CPU
	EndGlobalSection
EndGlobal
